
Microsoft Visual Studio Solution File, Format Version 12.00
# Visual Studio Version 16
VisualStudioVersion = 16.0.30717.126
MinimumVisualStudioVersion = 10.0.40219.1
Project("{FAE04EC0-301F-11D3-BF4B-00C04F79EFBC}") = "ilaba9", "ilaba9.csproj", "{7C963B8A-B26E-4ADE-A19D-0C379C94E62B}"
EndProject
Global
	GlobalSection(SolutionConfigurationPlatforms) = preSolution
		Debug|Any CPU = Debug|Any CPU
		Release|Any CPU = Release|Any CPU
	EndGlobalSection
	GlobalSection(ProjectConfigurationPlatforms) = postSolution
		{7C963B8A-B26E-4ADE-A19D-0C379C94E62B}.Debug|Any CPU.ActiveCfg = Debug|Any CPU
		{7C963B8A-B26E-4ADE-A19D-0C379C94E62B}.Debug|Any CPU.Build.0 = Debug|Any CPU
		{7C963B8A-B26E-4ADE-A19D-0C379C94E62B}.Release|Any CPU.ActiveCfg = Release|Any CPU
		{7C963B8A-B26E-4ADE-A19D-0C379C94E62B}.Release|Any CPU.Build.0 = Release|Any CPU
	EndGlobalSection
	GlobalSection(SolutionProperties) = preSolution
		HideSolutionNode = FALSE
	EndGlobalSection
	GlobalSection(ExtensibilityGlobals) = postSolution
		SolutionGuid = {0E5E7527-A7A6-430C-8B23-23631EA781D6}
	EndGlobalSection
EndGlobal
